
Microsoft Visual Studio Solution File, Format Version 12.00
# Visual Studio Version 17
VisualStudioVersion = 17.5.33516.290
MinimumVisualStudioVersion = 10.0.40219.1
Project("{9A19103F-16F7-4668-BE54-9A1E7A4F7556}") = "ChatGPTService", "ChatGPTService\ChatGPTService.csproj", "{7F73D7A5-B63E-4EA3-9879-B9FA419329E5}"
EndProject
Project("{FAE04EC0-301F-11D3-BF4B-00C04F79EFBC}") = "ImageTest", "ImageTest\ImageTest.csproj", "{EC821C05-4627-4C9F-BC08-4BF3E1357F91}"
EndProject
Global
	GlobalSection(SolutionConfigurationPlatforms) = preSolution
		Debug|Any CPU = Debug|Any CPU
		Release|Any CPU = Release|Any CPU
	EndGlobalSection
	GlobalSection(ProjectConfigurationPlatforms) = postSolution
		{7F73D7A5-B63E-4EA3-9879-B9FA419329E5}.Debug|Any CPU.ActiveCfg = Debug|Any CPU
		{7F73D7A5-B63E-4EA3-9879-B9FA419329E5}.Debug|Any CPU.Build.0 = Debug|Any CPU
		{7F73D7A5-B63E-4EA3-9879-B9FA419329E5}.Release|Any CPU.ActiveCfg = Release|Any CPU
		{7F73D7A5-B63E-4EA3-9879-B9FA419329E5}.Release|Any CPU.Build.0 = Release|Any CPU
		{EC821C05-4627-4C9F-BC08-4BF3E1357F91}.Debug|Any CPU.ActiveCfg = Debug|Any CPU
		{EC821C05-4627-4C9F-BC08-4BF3E1357F91}.Debug|Any CPU.Build.0 = Debug|Any CPU
		{EC821C05-4627-4C9F-BC08-4BF3E1357F91}.Release|Any CPU.ActiveCfg = Release|Any CPU
		{EC821C05-4627-4C9F-BC08-4BF3E1357F91}.Release|Any CPU.Build.0 = Release|Any CPU
	EndGlobalSection
	GlobalSection(SolutionProperties) = preSolution
		HideSolutionNode = FALSE
	EndGlobalSection
	GlobalSection(ExtensibilityGlobals) = postSolution
		SolutionGuid = {D940CEC5-81C7-497D-8E24-2668A14493C3}
	EndGlobalSection
EndGlobal
